
Microsoft Visual Studio Solution File, Format Version 12.00
# Visual Studio Version 17
VisualStudioVersion = 17.4.33213.308
MinimumVisualStudioVersion = 10.0.40219.1
Project("{FAE04EC0-301F-11D3-BF4B-00C04F79EFBC}") = "WebApplication3", "WebApplication3.csproj", "{3635EBB1-E7A3-4747-916B-6C7B63487242}"
EndProject
Global
	GlobalSection(SolutionConfigurationPlatforms) = preSolution
		Debug|Any CPU = Debug|Any CPU
		Release|Any CPU = Release|Any CPU
	EndGlobalSection
	GlobalSection(ProjectConfigurationPlatforms) = postSolution
		{3635EBB1-E7A3-4747-916B-6C7B63487242}.Debug|Any CPU.ActiveCfg = Debug|Any CPU
		{3635EBB1-E7A3-4747-916B-6C7B63487242}.Debug|Any CPU.Build.0 = Debug|Any CPU
		{3635EBB1-E7A3-4747-916B-6C7B63487242}.Release|Any CPU.ActiveCfg = Release|Any CPU
		{3635EBB1-E7A3-4747-916B-6C7B63487242}.Release|Any CPU.Build.0 = Release|Any CPU
	EndGlobalSection
	GlobalSection(SolutionProperties) = preSolution
		HideSolutionNode = FALSE
	EndGlobalSection
	GlobalSection(ExtensibilityGlobals) = postSolution
		SolutionGuid = {C0495A83-2255-4608-91BD-02407E7D5829}
	EndGlobalSection
EndGlobal
